
Microsoft Visual Studio Solution File, Format Version 12.00
# Visual Studio 15
VisualStudioVersion = 15.0.28307.489
MinimumVisualStudioVersion = 10.0.40219.1
Project("{FAE04EC0-301F-11D3-BF4B-00C04F79EFBC}") = "WebBrowser.UI", "WebBrowser.UI\WebBrowser.UI.csproj", "{F90A92DC-D797-4287-8C74-3D9D301C39D7}"
EndProject
Project("{FAE04EC0-301F-11D3-BF4B-00C04F79EFBC}") = "WebBrowser.Logic", "WebBrowser.Logic\WebBrowser.Logic.csproj", "{042C6A08-0B17-4A12-B7C8-16CA07F629A8}"
EndProject
Global
	GlobalSection(SolutionConfigurationPlatforms) = preSolution
		Debug|Any CPU = Debug|Any CPU
		Release|Any CPU = Release|Any CPU
	EndGlobalSection
	GlobalSection(ProjectConfigurationPlatforms) = postSolution
		{F90A92DC-D797-4287-8C74-3D9D301C39D7}.Debug|Any CPU.ActiveCfg = Debug|Any CPU
		{F90A92DC-D797-4287-8C74-3D9D301C39D7}.Debug|Any CPU.Build.0 = Debug|Any CPU
		{F90A92DC-D797-4287-8C74-3D9D301C39D7}.Release|Any CPU.ActiveCfg = Release|Any CPU
		{F90A92DC-D797-4287-8C74-3D9D301C39D7}.Release|Any CPU.Build.0 = Release|Any CPU
		{042C6A08-0B17-4A12-B7C8-16CA07F629A8}.Debug|Any CPU.ActiveCfg = Debug|Any CPU
		{042C6A08-0B17-4A12-B7C8-16CA07F629A8}.Debug|Any CPU.Build.0 = Debug|Any CPU
		{042C6A08-0B17-4A12-B7C8-16CA07F629A8}.Release|Any CPU.ActiveCfg = Release|Any CPU
		{042C6A08-0B17-4A12-B7C8-16CA07F629A8}.Release|Any CPU.Build.0 = Release|Any CPU
	EndGlobalSection
	GlobalSection(SolutionProperties) = preSolution
		HideSolutionNode = FALSE
	EndGlobalSection
	GlobalSection(ExtensibilityGlobals) = postSolution
		SolutionGuid = {2E82DB68-C38B-4B08-8842-03373577B70C}
	EndGlobalSection
EndGlobal
